
Microsoft Visual Studio Solution File, Format Version 12.00
# Visual Studio Version 16
VisualStudioVersion = 16.0.29424.173
MinimumVisualStudioVersion = 10.0.40219.1
Project("{FAE04EC0-301F-11D3-BF4B-00C04F79EFBC}") = "MyTrackerLibrary", "MyTrackerLibrary\MyTrackerLibrary.csproj", "{0CA1CD07-B41D-4A95-A03A-1BBDCC989AAF}"
EndProject
Project("{FAE04EC0-301F-11D3-BF4B-00C04F79EFBC}") = "MyTrackerUI", "MyTrackerUI\MyTrackerUI.csproj", "{9537195C-F39C-46E4-853F-DBE5792C1C88}"
EndProject
Global
	GlobalSection(SolutionConfigurationPlatforms) = preSolution
		Debug|Any CPU = Debug|Any CPU
		Release|Any CPU = Release|Any CPU
	EndGlobalSection
	GlobalSection(ProjectConfigurationPlatforms) = postSolution
		{0CA1CD07-B41D-4A95-A03A-1BBDCC989AAF}.Debug|Any CPU.ActiveCfg = Debug|Any CPU
		{0CA1CD07-B41D-4A95-A03A-1BBDCC989AAF}.Debug|Any CPU.Build.0 = Debug|Any CPU
		{0CA1CD07-B41D-4A95-A03A-1BBDCC989AAF}.Release|Any CPU.ActiveCfg = Release|Any CPU
		{0CA1CD07-B41D-4A95-A03A-1BBDCC989AAF}.Release|Any CPU.Build.0 = Release|Any CPU
		{9537195C-F39C-46E4-853F-DBE5792C1C88}.Debug|Any CPU.ActiveCfg = Debug|Any CPU
		{9537195C-F39C-46E4-853F-DBE5792C1C88}.Debug|Any CPU.Build.0 = Debug|Any CPU
		{9537195C-F39C-46E4-853F-DBE5792C1C88}.Release|Any CPU.ActiveCfg = Release|Any CPU
		{9537195C-F39C-46E4-853F-DBE5792C1C88}.Release|Any CPU.Build.0 = Release|Any CPU
	EndGlobalSection
	GlobalSection(SolutionProperties) = preSolution
		HideSolutionNode = FALSE
	EndGlobalSection
	GlobalSection(ExtensibilityGlobals) = postSolution
		SolutionGuid = {CDA21D7B-E1AE-4A0E-A00E-210D1694E0AC}
	EndGlobalSection
EndGlobal
